# THIS IS AN AUTOGENERATED FILE. DO NOT EDIT THIS FILE DIRECTLY.
# yarn lockfile v1


"@ant-design/colors@^4.0.5":
  version "4.0.5"
  resolved "https://registry.npmmirror.com/@ant-design/colors/-/colors-4.0.5.tgz#d7d100d7545cca8f624954604a6892fc48ba5aae"
  integrity sha512-3mnuX2prnWOWvpFTS2WH2LoouWlOgtnIpc6IarWN6GOzzLF8dW/U8UctuvIPhoboETehZfJ61XP+CGakBEPJ3Q==
  dependencies:
    tinycolor2 "^1.4.1"

"@antv/algorithm@^0.1.26", "@antv/algorithm@^0.1.8":
  version "0.1.26"
  resolved "https://registry.npmmirror.com/@antv/algorithm/-/algorithm-0.1.26.tgz#e3f5e7f1d8db5b415c3f31e32b119cbcafc8f5de"
  integrity sha512-DVhcFSQ8YQnMNW34Mk8BSsfc61iC1sAnmcfYoXTAshYHuU50p/6b7x3QYaGctDNKWGvi1ub7mPcSY0bK+aN0qg==
  dependencies:
    "@antv/util" "^2.0.13"
    tslib "^2.0.0"

"@antv/dom-util@^2.0.1", "@antv/dom-util@^2.0.2":
  version "2.0.4"
  resolved "https://registry.npmmirror.com/@antv/dom-util/-/dom-util-2.0.4.tgz#b09b56c56fec42896fc856edad56b595b47ab514"
  integrity sha512-2shXUl504fKwt82T3GkuT4Uoc6p9qjCKnJ8gXGLSW4T1W37dqf9AV28aCfoVPHp2BUXpSsB+PAJX2rG/jLHsLQ==
  dependencies:
    tslib "^2.0.3"

"@antv/event-emitter@^0.1.1", "@antv/event-emitter@~0.1.0":
  version "0.1.3"
  resolved "https://registry.npmmirror.com/@antv/event-emitter/-/event-emitter-0.1.3.tgz#3e06323b9dcd55a3241ddc7c5458cfabd2095164"
  integrity sha512-4ddpsiHN9Pd4UIlWuKVK1C4IiZIdbwQvy9i7DUSI3xNJ89FPUFt8lxDYj8GzzfdllV0NkJTRxnG+FvLk0llidg==

"@antv/g-base@^0.5.1", "@antv/g-base@^0.5.12":
  version "0.5.16"
  resolved "https://registry.npmmirror.com/@antv/g-base/-/g-base-0.5.16.tgz#22a0cbbfc810e6292e4d25e5708d0abe165912bf"
  integrity sha512-jP06wggTubDPHXoKwFg3/f1lyxBX9ywwN3E/HG74Nd7DXqOXQis8tsIWW+O6dS/h9vyuXLd1/wDWkMMm3ZzXdg==
  dependencies:
    "@antv/event-emitter" "^0.1.1"
    "@antv/g-math" "^0.1.9"
    "@antv/matrix-util" "^3.1.0-beta.1"
    "@antv/path-util" "~2.0.5"
    "@antv/util" "~2.0.13"
    "@types/d3-timer" "^2.0.0"
    d3-ease "^1.0.5"
    d3-interpolate "^3.0.1"
    d3-timer "^1.0.9"
    detect-browser "^5.1.0"
    tslib "^2.0.3"

"@antv/g-canvas@^0.5.2":
  version "0.5.17"
  resolved "https://registry.npmmirror.com/@antv/g-canvas/-/g-canvas-0.5.17.tgz#2e0d263a355e167b9da5e606fbd1ad1500474fcf"
  integrity sha512-sXYJMWTOlb/Ycb6sTKu00LcJqInXJY4t99+kSM40u2OfqrXYmaXDjHR7D2V0roMkbK/QWiWS9UnEidCR1VtMOA==
  dependencies:
    "@antv/g-base" "^0.5.12"
    "@antv/g-math" "^0.1.9"
    "@antv/matrix-util" "^3.1.0-beta.1"
    "@antv/path-util" "~2.0.5"
    "@antv/util" "~2.0.0"
    gl-matrix "^3.0.0"
    tslib "^2.0.3"

"@antv/g-math@^0.1.1", "@antv/g-math@^0.1.9":
  version "0.1.9"
  resolved "https://registry.npmmirror.com/@antv/g-math/-/g-math-0.1.9.tgz#1f981b9aebf5c024f284389aa3e5cba8cefa1f28"
  integrity sha512-KHMSfPfZ5XHM1PZnG42Q2gxXfOitYveNTA7L61lR6mhZ8Y/aExsYmHqaKBsSarU0z+6WLrl9C07PQJZaw0uljQ==
  dependencies:
    "@antv/util" "~2.0.0"
    gl-matrix "^3.0.0"

"@antv/g-svg@^0.5.1", "@antv/g-svg@^0.5.2":
  version "0.5.7"
  resolved "https://registry.npmmirror.com/@antv/g-svg/-/g-svg-0.5.7.tgz#d63db5f8590a5f3ceab097c183ec80ed143f0a50"
  integrity sha512-jUbWoPgr4YNsOat2Y/rGAouNQYGpw4R0cvlN0YafwOyacFFYy2zC8RslNd6KkPhhR3XHNSqJOuCYZj/YmLUwYw==
  dependencies:
    "@antv/g-base" "^0.5.12"
    "@antv/g-math" "^0.1.9"
    "@antv/util" "~2.0.0"
    detect-browser "^5.0.0"
    tslib "^2.0.3"

"@antv/g-webgpu-core@^0.7.2":
  version "0.7.2"
  resolved "https://registry.npmmirror.com/@antv/g-webgpu-core/-/g-webgpu-core-0.7.2.tgz#65ef2a1253e319ffb2ed568d222b8313635d6677"
  integrity sha512-xUMmop7f3Rs34zFYKXLqHhDR1CQTeDl/7vI7Sn3X/73BqJc3X3HIIRvm83Fg2CjVACaOzw4WeLRXNaOCp9fz9w==
  dependencies:
    eventemitter3 "^4.0.0"
    gl-matrix "^3.1.0"
    lodash "^4.17.15"
    probe.gl "^3.1.1"

"@antv/g-webgpu-engine@^0.7.2":
  version "0.7.2"
  resolved "https://registry.npmmirror.com/@antv/g-webgpu-engine/-/g-webgpu-engine-0.7.2.tgz#64631f24930f449ef41ffff6429d4fb9519eca23"
  integrity sha512-lx8Y93IW2cnJvdoDRKyMmTdYqSC1pOmF0nyG3PGGyA0NI9vBYVgO0KTF6hkyWjdTWVq7XDZyf/h8CJridLh3lg==
  dependencies:
    "@antv/g-webgpu-core" "^0.7.2"
    gl-matrix "^3.1.0"
    lodash "^4.17.15"
    regl "^1.3.11"

"@antv/g-webgpu@0.7.2":
  version "0.7.2"
  resolved "https://registry.npmmirror.com/@antv/g-webgpu/-/g-webgpu-0.7.2.tgz#39ba2123816322fec9563236211ad8ab1e40924d"
  integrity sha512-kw+oYGsdvj5qeUfy5DPb/jztZBV+2fmqBd3Vv8NlKatfBmv8AirYX/CCW74AUSdWm99rEiLyxFB1VdRZ6b/wnQ==
  dependencies:
    "@antv/g-webgpu-core" "^0.7.2"
    "@antv/g-webgpu-engine" "^0.7.2"
    gl-matrix "^3.1.0"
    gl-vec2 "^1.3.0"
    lodash "^4.17.15"

"@antv/g6-core@0.8.23":
  version "0.8.23"
  resolved "https://registry.npmmirror.com/@antv/g6-core/-/g6-core-0.8.23.tgz#af2bdfc3575c5cda40036996539cc0296f81c020"
  integrity sha512-JWdnba5Bx4/hLhbIQeyvdgh68SDYZisveukuBifxLKODCNJNKTopmWf1w6tU+RxAT2k5ByXkTGWQE1IkIL8O+Q==
  dependencies:
    "@antv/algorithm" "^0.1.8"
    "@antv/dom-util" "^2.0.1"
    "@antv/event-emitter" "~0.1.0"
    "@antv/g-base" "^0.5.1"
    "@antv/g-math" "^0.1.1"
    "@antv/matrix-util" "^3.1.0-beta.3"
    "@antv/path-util" "^2.0.3"
    "@antv/util" "~2.0.5"
    ml-matrix "^6.5.0"
    tslib "^2.1.0"

"@antv/g6-core@^0.8.23":
  version "0.8.24"
  resolved "https://registry.npmmirror.com/@antv/g6-core/-/g6-core-0.8.24.tgz#a5291d53b8e33f6c895a2ed8553dd283a9788c73"
  integrity sha512-rgI3dArAD8uoSz2+skS4ctN4x/Of33ivTIKaEYYvClxgkLZWVz9zvocy+5AWcVPBHZsAXkZcdh9zndIoWY/33A==
  dependencies:
    "@antv/algorithm" "^0.1.26"
    "@antv/dom-util" "^2.0.1"
    "@antv/event-emitter" "~0.1.0"
    "@antv/g-base" "^0.5.1"
    "@antv/g-math" "^0.1.1"
    "@antv/matrix-util" "^3.1.0-beta.3"
    "@antv/path-util" "^2.0.3"
    "@antv/util" "~2.0.5"
    ml-matrix "^6.5.0"
    tslib "^2.6.2"

"@antv/g6-element@0.8.23":
  version "0.8.23"
  resolved "https://registry.npmmirror.com/@antv/g6-element/-/g6-element-0.8.23.tgz#5aa35668e1a192e92b05237b36c617e70bfbcb97"
  integrity sha512-KdJOiu4D7UExsYjKOJUcd7YCD/gCfxqHOlS01zkyOqsaindWVLdshBAZWXc2zgzVwHS/fadxwUI+DcllsRkH0g==
  dependencies:
    "@antv/g-base" "^0.5.1"
    "@antv/g6-core" "0.8.23"
    "@antv/util" "~2.0.5"

"@antv/g6-pc@0.8.23":
  version "0.8.23"
  resolved "https://registry.npmmirror.com/@antv/g6-pc/-/g6-pc-0.8.23.tgz#5dce0f5716d4b8860c713cfad23151d3f7c3e1b0"
  integrity sha512-8H5n1U8T4pyBcoaEKB8g4TRKycHtONSA+qOeFMq7XIDh1DCn0tUF1uLvwj096Zp+/bUXtAfaRvg+n1KKyCVZ0w==
  dependencies:
    "@ant-design/colors" "^4.0.5"
    "@antv/algorithm" "^0.1.8"
    "@antv/dom-util" "^2.0.1"
    "@antv/event-emitter" "~0.1.0"
    "@antv/g-base" "^0.5.1"
    "@antv/g-canvas" "^0.5.2"
    "@antv/g-math" "^0.1.1"
    "@antv/g-svg" "^0.5.1"
    "@antv/g6-core" "^0.8.23"
    "@antv/g6-element" "0.8.23"
    "@antv/g6-plugin" "0.8.23"
    "@antv/hierarchy" "^0.6.10"
    "@antv/layout" "^0.3.0"
    "@antv/matrix-util" "^3.1.0-beta.3"
    "@antv/path-util" "^2.0.3"
    "@antv/util" "~2.0.5"
    color "^3.1.3"
    d3-force "^2.0.1"
    dagre "^0.8.5"
    insert-css "^2.0.0"
    ml-matrix "^6.5.0"

"@antv/g6-plugin@0.8.23":
  version "0.8.23"
  resolved "https://registry.npmmirror.com/@antv/g6-plugin/-/g6-plugin-0.8.23.tgz#222b19b64aa349d9736dc8d944ef1efa4bda6e36"
  integrity sha512-DwhSuUc0a0foIM4nrhXR/+ooZafkVve0IEErldhsygKWLDSz/c9HRLON66OEdzQX7Ed1uE0SMcBUsIDe+wPQrw==
  dependencies:
    "@antv/dom-util" "^2.0.2"
    "@antv/g-base" "^0.5.1"
    "@antv/g-canvas" "^0.5.2"
    "@antv/g-svg" "^0.5.2"
    "@antv/g6-core" "0.8.23"
    "@antv/g6-element" "0.8.23"
    "@antv/matrix-util" "^3.1.0-beta.3"
    "@antv/path-util" "^2.0.3"
    "@antv/scale" "^0.3.4"
    "@antv/util" "^2.0.9"
    insert-css "^2.0.0"

"@antv/g6@4.8.23":
  version "4.8.23"
  resolved "https://registry.npmmirror.com/@antv/g6/-/g6-4.8.23.tgz#d84af3add4c1cf2293411c2e7f80757384391d72"
  integrity sha512-tsnJzlZCiOKvwAULGom6ppARutRmoAgV1wZzkOmDRm8ZdokUkpEYfb3faV6802VMs82DLP0zZ0KavapoK1q8hQ==
  dependencies:
    "@antv/g6-pc" "0.8.23"

"@antv/graphlib@^1.0.0":
  version "1.2.0"
  resolved "https://registry.npmmirror.com/@antv/graphlib/-/graphlib-1.2.0.tgz#c88f97d4b3456d261480a1207ffc4fbc5d7dcf0d"
  integrity sha512-hhJOMThec51nU4Fe5p/viLlNIL71uDEgYFzKPajWjr2715SFG1HAgiP6AVylIeqBcAZ04u3Lw7usjl/TuI5RuQ==

"@antv/hierarchy@^0.6.10":
  version "0.6.12"
  resolved "https://registry.npmmirror.com/@antv/hierarchy/-/hierarchy-0.6.12.tgz#f35e081acd41ed7bb870322e5ac9038e5f68459d"
  integrity sha512-WvWT9WYtm2SvYunm1HtzrHazvOozeP4cPFDhJWsnLzmTGMX/tNhsoCD3O+DDB3aeDY8fyM+wfZDvLv7+/4lIeA==

"@antv/layout@^0.3.0":
  version "0.3.25"
  resolved "https://registry.npmmirror.com/@antv/layout/-/layout-0.3.25.tgz#0430050d1b36c21a6ab19474bd1000e114066dc7"
  integrity sha512-d29Aw1PXoAavMRZy7iTB9L5rMBeChFEX0BJ9ELP4TI35ySdCu07YbmPo9ju9OH/6sG2/NB3o85Ayxrre3iwX/g==
  dependencies:
    "@antv/g-webgpu" "0.7.2"
    "@antv/graphlib" "^1.0.0"
    "@antv/util" "^3.3.2"
    d3-force "^2.1.1"
    d3-quadtree "^2.0.0"
    dagre-compound "^0.0.11"
    ml-matrix "6.5.0"

"@antv/matrix-util@^3.0.4":
  version "3.0.4"
  resolved "https://registry.npmmirror.com/@antv/matrix-util/-/matrix-util-3.0.4.tgz#ea13f158aa2fb4ba2fb8d6b6b561ec467ea3ac20"
  integrity sha512-BAPyu6dUliHcQ7fm9hZSGKqkwcjEDVLVAstlHULLvcMZvANHeLXgHEgV7JqcAV/GIhIz8aZChIlzM1ZboiXpYQ==
  dependencies:
    "@antv/util" "^2.0.9"
    gl-matrix "^3.3.0"
    tslib "^2.0.3"

"@antv/matrix-util@^3.1.0-beta.1", "@antv/matrix-util@^3.1.0-beta.3":
  version "3.1.0-beta.3"
  resolved "https://registry.npmmirror.com/@antv/matrix-util/-/matrix-util-3.1.0-beta.3.tgz#e061de8fa7be04605a155c69cc5ce9082eedddee"
  integrity sha512-W2R6Za3A6CmG51Y/4jZUM/tFgYSq7vTqJL1VD9dKrvwxS4sE0ZcXINtkp55CdyBwJ6Cwm8pfoRpnD4FnHahN0A==
  dependencies:
    "@antv/util" "^2.0.9"
    gl-matrix "^3.4.3"
    tslib "^2.0.3"

"@antv/path-util@^2.0.3", "@antv/path-util@~2.0.5":
  version "2.0.15"
  resolved "https://registry.npmmirror.com/@antv/path-util/-/path-util-2.0.15.tgz#a6f691dfc8b7bce5be7f0aabb5bd614964325631"
  integrity sha512-R2VLZ5C8PLPtr3VciNyxtjKqJ0XlANzpFb5sE9GE61UQqSRuSVSzIakMxjEPrpqbgc+s+y8i+fmc89Snu7qbNw==
  dependencies:
    "@antv/matrix-util" "^3.0.4"
    "@antv/util" "^2.0.9"
    tslib "^2.0.3"

"@antv/scale@^0.3.4":
  version "0.3.18"
  resolved "https://registry.npmmirror.com/@antv/scale/-/scale-0.3.18.tgz#b911f431b3e0b9547b6a65f66d0d3fa295b5ef32"
  integrity sha512-GHwE6Lo7S/Q5fgaLPaCsW+CH+3zl4aXpnN1skOiEY0Ue9/u+s2EySv6aDXYkAqs//i0uilMDD/0/4n8caX9U9w==
  dependencies:
    "@antv/util" "~2.0.3"
    fecha "~4.2.0"
    tslib "^2.0.0"

"@antv/util@^2.0.13", "@antv/util@^2.0.9", "@antv/util@~2.0.0", "@antv/util@~2.0.13", "@antv/util@~2.0.3", "@antv/util@~2.0.5":
  version "2.0.17"
  resolved "https://registry.npmmirror.com/@antv/util/-/util-2.0.17.tgz#e8ef42aca7892815b229269f3dd10c6b3c7597a9"
  integrity sha512-o6I9hi5CIUvLGDhth0RxNSFDRwXeywmt6ExR4+RmVAzIi48ps6HUy+svxOCayvrPBN37uE6TAc2KDofRo0nK9Q==
  dependencies:
    csstype "^3.0.8"
    tslib "^2.0.3"

"@antv/util@^3.3.2":
  version "3.3.7"
  resolved "https://registry.npmmirror.com/@antv/util/-/util-3.3.7.tgz#35a900f0e9b65defbb92ec0e92a20b8189a18815"
  integrity sha512-qqPg7rIPCsJyl7N56jAC25v/99mJ3ApVkgBsGijhiWrEeKvzXBPk1r5P77Pm9nCljpnn+hH8Z3t5AivbEoTJMg==
  dependencies:
    fast-deep-equal "^3.1.3"
    gl-matrix "^3.3.0"
    tslib "^2.3.1"

"@antv/x6@1.34.14":
  version "1.34.14"
  resolved "https://registry.npmmirror.com/@antv/x6/-/x6-1.34.14.tgz#ba2b16a2b6e32ebf4b580b7e3acac2c3a71dc7b1"
  integrity sha512-S3FPEVOHczmfneMSTWD3J+hvu6R2XxuEhAfD+Hhs3h1xkWFOmSAoDOIuPF0gzkQcPr0WQNEGnQ5hgfATCxiPpQ==
  dependencies:
    csstype "^3.0.3"
    jquery "^3.5.1"
    jquery-mousewheel "^3.1.13"
    lodash-es "^4.17.15"
    mousetrap "^1.6.5"
    utility-types "^3.10.0"

"@babel/runtime@^7.0.0":
  version "7.24.8"
  resolved "https://registry.npmmirror.com/@babel/runtime/-/runtime-7.24.8.tgz#5d958c3827b13cc6d05e038c07fb2e5e3420d82e"
  integrity sha512-5F7SDGs1T72ZczbRwbGO9lQi0NLjQxzl6i4lJxLxfW9U5UluCSyEJeniWvnhl3/euNiqQVbo8zruhsDfid0esA==
  dependencies:
    regenerator-runtime "^0.14.0"

"@probe.gl/env@3.6.0":
  version "3.6.0"
  resolved "https://registry.npmmirror.com/@probe.gl/env/-/env-3.6.0.tgz#33343fd9041a14d21374c1911826d4a2f9d9a35d"
  integrity sha512-4tTZYUg/8BICC3Yyb9rOeoKeijKbZHRXBEKObrfPmX4sQmYB15ZOUpoVBhAyJkOYVAM8EkPci6Uw5dLCwx2BEQ==
  dependencies:
    "@babel/runtime" "^7.0.0"

"@probe.gl/log@3.6.0":
  version "3.6.0"
  resolved "https://registry.npmmirror.com/@probe.gl/log/-/log-3.6.0.tgz#c645bfd22b4769dc65161caa17f13bd2b231e413"
  integrity sha512-hjpyenpEvOdowgZ1qMeCJxfRD4JkKdlXz0RC14m42Un62NtOT+GpWyKA4LssT0+xyLULCByRAtG2fzZorpIAcA==
  dependencies:
    "@babel/runtime" "^7.0.0"
    "@probe.gl/env" "3.6.0"

"@probe.gl/stats@3.6.0":
  version "3.6.0"
  resolved "https://registry.npmmirror.com/@probe.gl/stats/-/stats-3.6.0.tgz#a1bb12860fa6f40b9c028f9eb575d7ada0b4dbdd"
  integrity sha512-JdALQXB44OP4kUBN/UrQgzbJe4qokbVF4Y8lkIA8iVCFnjVowWIgkD/z/0QO65yELT54tTrtepw1jScjKB+rhQ==
  dependencies:
    "@babel/runtime" "^7.0.0"

"@rollup/plugin-node-resolve@15.0.1":
  version "15.0.1"
  resolved "https://registry.npmmirror.com/@rollup/plugin-node-resolve/-/plugin-node-resolve-15.0.1.tgz#72be449b8e06f6367168d5b3cd5e2802e0248971"
  integrity sha512-ReY88T7JhJjeRVbfCyNj+NXAG3IIsVMsX9b5/9jC98dRP8/yxlZdz7mHZbHk5zHr24wZZICS5AcXsFZAXYUQEg==
  dependencies:
    "@rollup/pluginutils" "^5.0.1"
    "@types/resolve" "1.20.2"
    deepmerge "^4.2.2"
    is-builtin-module "^3.2.0"
    is-module "^1.0.0"
    resolve "^1.22.1"

"@rollup/pluginutils@^5.0.1":
  version "5.1.0"
  resolved "https://registry.npmmirror.com/@rollup/pluginutils/-/pluginutils-5.1.0.tgz#7e53eddc8c7f483a4ad0b94afb1f7f5fd3c771e0"
  integrity sha512-XTIWOPPcpvyKI6L1NHo0lFlCyznUEyPmPY1mc3KpPVDYulHSTvyeLNVW00QTLIAFNhR3kYnJTQHeGqU4M3n09g==
  dependencies:
    "@types/estree" "^1.0.0"
    estree-walker "^2.0.2"
    picomatch "^2.3.1"

"@types/d3-timer@^2.0.0":
  version "2.0.3"
  resolved "https://registry.npmmirror.com/@types/d3-timer/-/d3-timer-2.0.3.tgz#d74350a9eb5991f054b2cf8e92efaf22be3e1a25"
  integrity sha512-jhAJzaanK5LqyLQ50jJNIrB8fjL9gwWZTgYjevPvkDLMU+kTAZkYsobI59nYoeSrH1PucuyJEi247Pb90t6XUg==

"@types/estree@^1.0.0":
  version "1.0.5"
  resolved "https://registry.npmmirror.com/@types/estree/-/estree-1.0.5.tgz#a6ce3e556e00fd9895dd872dd172ad0d4bd687f4"
  integrity sha512-/kYRxGDLWzHOB7q+wtSUQlFrtcdUccpfy+X+9iMBpHK8QLLhx2wIPYuS5DYtR9Wa/YlZAbIovy7qVdB1Aq6Lyw==

"@types/resolve@1.20.2":
  version "1.20.2"
  resolved "https://registry.npmmirror.com/@types/resolve/-/resolve-1.20.2.tgz#97d26e00cd4a0423b4af620abecf3e6f442b7975"
  integrity sha512-60BCwRFOZCQhDncwQdxxeOEEkbc5dIMccYLwbxsS4TUNeVECQ/pBJ0j09mrHOl/JJvpRPGwO9SvE4nR2Nb/a4Q==

builtin-modules@^3.3.0:
  version "3.3.0"
  resolved "https://registry.npmmirror.com/builtin-modules/-/builtin-modules-3.3.0.tgz#cae62812b89801e9656336e46223e030386be7b6"
  integrity sha512-zhaCDicdLuWN5UbN5IMnFqNMhNfo919sH85y2/ea+5Yg9TsTkeZxpL+JLbp6cgYFS4sRLp3YV4S6yDuqVWHYOw==

color-convert@^1.9.3:
  version "1.9.3"
  resolved "https://registry.npmmirror.com/color-convert/-/color-convert-1.9.3.tgz#bb71850690e1f136567de629d2d5471deda4c1e8"
  integrity sha512-QfAUtd+vFdAtFQcC8CCyYt1fYWxSqAiK2cSD6zDB8N3cpsEBAvRxp9zOGg6G/SHHJYAT88/az/IuDGALsNVbGg==
  dependencies:
    color-name "1.1.3"

color-name@1.1.3:
  version "1.1.3"
  resolved "https://registry.npmmirror.com/color-name/-/color-name-1.1.3.tgz#a7d0558bd89c42f795dd42328f740831ca53bc25"
  integrity sha512-72fSenhMw2HZMTVHeCA9KCmpEIbzWiQsjN+BHcBbS9vr1mtt+vJjPdksIBNUmKAW8TFUDPJK5SUU3QhE9NEXDw==

color-name@^1.0.0:
  version "1.1.4"
  resolved "https://registry.npmmirror.com/color-name/-/color-name-1.1.4.tgz#c2a09a87acbde69543de6f63fa3995c826c536a2"
  integrity sha512-dOy+3AuW3a2wNbZHIuMZpTcgjGuLU/uBL/ubcZF9OXbDo8ff4O8yVp5Bf0efS8uEoYo5q4Fx7dY9OgQGXgAsQA==

color-string@^1.6.0:
  version "1.9.1"
  resolved "https://registry.npmmirror.com/color-string/-/color-string-1.9.1.tgz#4467f9146f036f855b764dfb5bf8582bf342c7a4"
  integrity sha512-shrVawQFojnZv6xM40anx4CkoDP+fZsw/ZerEMsW/pyzsRbElpsL/DBVW7q3ExxwusdNXI3lXpuhEZkzs8p5Eg==
  dependencies:
    color-name "^1.0.0"
    simple-swizzle "^0.2.2"

color@^3.1.3:
  version "3.2.1"
  resolved "https://registry.npmmirror.com/color/-/color-3.2.1.tgz#3544dc198caf4490c3ecc9a790b54fe9ff45e164"
  integrity sha512-aBl7dZI9ENN6fUGC7mWpMTPNHmWUSNan9tuWN6ahh5ZLNk9baLJOnSMlrQkHcrfFgz2/RigjUVAjdx36VcemKA==
  dependencies:
    color-convert "^1.9.3"
    color-string "^1.6.0"

csstype@^3.0.3, csstype@^3.0.8:
  version "3.1.3"
  resolved "https://registry.npmmirror.com/csstype/-/csstype-3.1.3.tgz#d80ff294d114fb0e6ac500fbf85b60137d7eff81"
  integrity sha512-M1uQkMl8rQK/szD0LNhtqxIPLpimGm8sOBwU7lLnCpSbTyY3yeU1Vc7l4KT5zT4s/yOxHH5O7tIuuLOCnLADRw==

"d3-color@1 - 3":
  version "3.1.0"
  resolved "https://registry.npmmirror.com/d3-color/-/d3-color-3.1.0.tgz#395b2833dfac71507f12ac2f7af23bf819de24e2"
  integrity sha512-zg/chbXyeBtMQ1LbD/WSoW2DpC3I0mpmPdW+ynRTj/x2DAWYrIY7qeZIHidozwV24m4iavr15lNwIwLxRmOxhA==

"d3-dispatch@1 - 2":
  version "2.0.0"
  resolved "https://registry.npmmirror.com/d3-dispatch/-/d3-dispatch-2.0.0.tgz#8a18e16f76dd3fcaef42163c97b926aa9b55e7cf"
  integrity sha512-S/m2VsXI7gAti2pBoLClFFTMOO1HTtT0j99AuXLoGFKO6deHDdnv6ZGTxSTTUTgO1zVcv82fCOtDjYK4EECmWA==

d3-ease@^1.0.5:
  version "1.0.7"
  resolved "https://registry.npmmirror.com/d3-ease/-/d3-ease-1.0.7.tgz#9a834890ef8b8ae8c558b2fe55bd57f5993b85e2"
  integrity sha512-lx14ZPYkhNx0s/2HX5sLFUI3mbasHjSSpwO/KaaNACweVwxUruKyWVcb293wMv1RqTPZyZ8kSZ2NogUZNcLOFQ==

d3-force@^2.0.1, d3-force@^2.1.1:
  version "2.1.1"
  resolved "https://registry.npmmirror.com/d3-force/-/d3-force-2.1.1.tgz#f20ccbf1e6c9e80add1926f09b51f686a8bc0937"
  integrity sha512-nAuHEzBqMvpFVMf9OX75d00OxvOXdxY+xECIXjW6Gv8BRrXu6gAWbv/9XKrvfJ5i5DCokDW7RYE50LRoK092ew==
  dependencies:
    d3-dispatch "1 - 2"
    d3-quadtree "1 - 2"
    d3-timer "1 - 2"

d3-interpolate@^3.0.1:
  version "3.0.1"
  resolved "https://registry.npmmirror.com/d3-interpolate/-/d3-interpolate-3.0.1.tgz#3c47aa5b32c5b3dfb56ef3fd4342078a632b400d"
  integrity sha512-3bYs1rOD33uo8aqJfKP3JWPAibgw8Zm2+L9vBKEHJ2Rg+viTR7o5Mmv5mZcieN+FRYaAOWX5SJATX6k1PWz72g==
  dependencies:
    d3-color "1 - 3"

"d3-quadtree@1 - 2", d3-quadtree@^2.0.0:
  version "2.0.0"
  resolved "https://registry.npmmirror.com/d3-quadtree/-/d3-quadtree-2.0.0.tgz#edbad045cef88701f6fee3aee8e93fb332d30f9d"
  integrity sha512-b0Ed2t1UUalJpc3qXzKi+cPGxeXRr4KU9YSlocN74aTzp6R/Ud43t79yLLqxHRWZfsvWXmbDWPpoENK1K539xw==

"d3-timer@1 - 2":
  version "2.0.0"
  resolved "https://registry.npmmirror.com/d3-timer/-/d3-timer-2.0.0.tgz#055edb1d170cfe31ab2da8968deee940b56623e6"
  integrity sha512-TO4VLh0/420Y/9dO3+f9abDEFYeCUr2WZRlxJvbp4HPTQcSylXNiL6yZa9FIUvV1yRiFufl1bszTCLDqv9PWNA==

d3-timer@^1.0.9:
  version "1.0.10"
  resolved "https://registry.npmmirror.com/d3-timer/-/d3-timer-1.0.10.tgz#dfe76b8a91748831b13b6d9c793ffbd508dd9de5"
  integrity sha512-B1JDm0XDaQC+uvo4DT79H0XmBskgS3l6Ve+1SBCfxgmtIb1AVrPIoqd+nPSv+loMX8szQ0sVUhGngL7D5QPiXw==

dagre-compound@^0.0.11:
  version "0.0.11"
  resolved "https://registry.npmmirror.com/dagre-compound/-/dagre-compound-0.0.11.tgz#8d3d1004d756f420582d29f28c92045375018987"
  integrity sha512-UrSgRP9LtOZCYb9e5doolZXpc7xayyszgyOs7uakTK4n4KsLegLVTRRtq01GpQd/iZjYw5fWMapx9ed+c80MAQ==

dagre@^0.8.5:
  version "0.8.5"
  resolved "https://registry.npmmirror.com/dagre/-/dagre-0.8.5.tgz#ba30b0055dac12b6c1fcc247817442777d06afee"
  integrity sha512-/aTqmnRta7x7MCCpExk7HQL2O4owCT2h8NT//9I1OQ9vt29Pa0BzSAkR5lwFUcQ7491yVi/3CXU9jQ5o0Mn2Sw==
  dependencies:
    graphlib "^2.1.8"
    lodash "^4.17.15"

deepmerge@^4.2.2:
  version "4.3.1"
  resolved "https://registry.npmmirror.com/deepmerge/-/deepmerge-4.3.1.tgz#44b5f2147cd3b00d4b56137685966f26fd25dd4a"
  integrity sha512-3sUqbMEc77XqpdNO7FRyRog+eW3ph+GYCbj+rK+uYyRMuwsVy0rMiVtPn+QJlKFvWP/1PYpapqYn0Me2knFn+A==

detect-browser@^5.0.0, detect-browser@^5.1.0:
  version "5.3.0"
  resolved "https://registry.npmmirror.com/detect-browser/-/detect-browser-5.3.0.tgz#9705ef2bddf46072d0f7265a1fe300e36fe7ceca"
  integrity sha512-53rsFbGdwMwlF7qvCt0ypLM5V5/Mbl0szB7GPN8y9NCcbknYOeVVXdrXEq+90IwAfrrzt6Hd+u2E2ntakICU8w==

echarts@5.4.3:
  version "5.4.3"
  resolved "https://registry.npmmirror.com/echarts/-/echarts-5.4.3.tgz#f5522ef24419164903eedcfd2b506c6fc91fb20c"
  integrity sha512-mYKxLxhzy6zyTi/FaEbJMOZU1ULGEQHaeIeuMR5L+JnJTpz+YR03mnnpBhbR4+UYJAgiXgpyTVLffPAjOTLkZA==
  dependencies:
    tslib "2.3.0"
    zrender "5.4.4"

estree-walker@^2.0.2:
  version "2.0.2"
  resolved "https://registry.npmmirror.com/estree-walker/-/estree-walker-2.0.2.tgz#52f010178c2a4c117a7757cfe942adb7d2da4cac"
  integrity sha512-Rfkk/Mp/DL7JVje3u18FxFujQlTNR2q6QfMSMB7AvCBx91NGj/ba3kCfza0f6dVDbw7YlRf/nDrn7pQrCCyQ/w==

eventemitter3@^4.0.0:
  version "4.0.7"
  resolved "https://registry.npmmirror.com/eventemitter3/-/eventemitter3-4.0.7.tgz#2de9b68f6528d5644ef5c59526a1b4a07306169f"
  integrity sha512-8guHBZCwKnFhYdHr2ysuRWErTwhoN2X8XELRlrRwpmfeY2jjuUN4taQMsULKUVo1K4DvZl+0pgfyoysHxvmvEw==

fast-deep-equal@^3.1.3:
  version "3.1.3"
  resolved "https://registry.npmmirror.com/fast-deep-equal/-/fast-deep-equal-3.1.3.tgz#3a7d56b559d6cbc3eb512325244e619a65c6c525"
  integrity sha512-f3qQ9oQy9j2AhBe/H9VC91wLmKBCCU/gDOnKNAYG5hswO7BLKj09Hc5HYNz9cGI++xlpDCIgDaitVs03ATR84Q==

fecha@~4.2.0:
  version "4.2.3"
  resolved "https://registry.npmmirror.com/fecha/-/fecha-4.2.3.tgz#4d9ccdbc61e8629b259fdca67e65891448d569fd"
  integrity sha512-OP2IUU6HeYKJi3i0z4A19kHMQoLVs4Hc+DPqqxI2h/DPZHTm/vjsfC6P0b4jCMy14XizLBqvndQ+UilD7707Jw==

fsevents@~2.3.2:
  version "2.3.3"
  resolved "https://registry.npmmirror.com/fsevents/-/fsevents-2.3.3.tgz#cac6407785d03675a2a5e1a5305c697b347d90d6"
  integrity sha512-5xoDfX+fL7faATnagmWPpbFtwh/R77WmMMqqHGS65C3vvB0YHrgF+B1YmZ3441tMj5n63k0212XNoJwzlhffQw==

function-bind@^1.1.2:
  version "1.1.2"
  resolved "https://registry.npmmirror.com/function-bind/-/function-bind-1.1.2.tgz#2c02d864d97f3ea6c8830c464cbd11ab6eab7a1c"
  integrity sha512-7XHNxH7qX9xG5mIwxkhumTox/MIRNcOgDrxWsMt2pAr23WHp6MrRlN7FBSFpCpr+oVO0F744iUgR82nJMfG2SA==

gl-matrix@^3.0.0, gl-matrix@^3.1.0, gl-matrix@^3.3.0, gl-matrix@^3.4.3:
  version "3.4.3"
  resolved "https://registry.npmmirror.com/gl-matrix/-/gl-matrix-3.4.3.tgz#fc1191e8320009fd4d20e9339595c6041ddc22c9"
  integrity sha512-wcCp8vu8FT22BnvKVPjXa/ICBWRq/zjFfdofZy1WSpQZpphblv12/bOQLBC1rMM7SGOFS9ltVmKOHil5+Ml7gA==

gl-vec2@^1.3.0:
  version "1.3.0"
  resolved "https://registry.npmmirror.com/gl-vec2/-/gl-vec2-1.3.0.tgz#83d472ed46034de8e09cbc857123fb6c81c51199"
  integrity sha512-YiqaAuNsheWmUV0Sa8k94kBB0D6RWjwZztyO+trEYS8KzJ6OQB/4686gdrf59wld4hHFIvaxynO3nRxpk1Ij/A==

graphlib@^2.1.8:
  version "2.1.8"
  resolved "https://registry.npmmirror.com/graphlib/-/graphlib-2.1.8.tgz#5761d414737870084c92ec7b5dbcb0592c9d35da"
  integrity sha512-jcLLfkpoVGmH7/InMC/1hIvOPSUh38oJtGhvrOFGzioE1DZ+0YW16RgmOJhHiuWTvGiJQ9Z1Ik43JvkRPRvE+A==
  dependencies:
    lodash "^4.17.15"

hasown@^2.0.2:
  version "2.0.2"
  resolved "https://registry.npmmirror.com/hasown/-/hasown-2.0.2.tgz#003eaf91be7adc372e84ec59dc37252cedb80003"
  integrity sha512-0hJU9SCPvmMzIBdZFqNPXWa6dqh7WdH0cII9y+CyS8rG3nL48Bclra9HmKhVVUHyPWNH5Y7xDwAB7bfgSjkUMQ==
  dependencies:
    function-bind "^1.1.2"

insert-css@^2.0.0:
  version "2.0.0"
  resolved "https://registry.npmmirror.com/insert-css/-/insert-css-2.0.0.tgz#eb5d1097b7542f4c79ea3060d3aee07d053880f4"
  integrity sha512-xGq5ISgcUP5cvGkS2MMFLtPDBtrtQPSFfC6gA6U8wHKqfjTIMZLZNxOItQnoSjdOzlXOLU/yD32RKC4SvjNbtA==

is-any-array@^2.0.0, is-any-array@^2.0.1:
  version "2.0.1"
  resolved "https://registry.npmmirror.com/is-any-array/-/is-any-array-2.0.1.tgz#9233242a9c098220290aa2ec28f82ca7fa79899e"
  integrity sha512-UtilS7hLRu++wb/WBAw9bNuP1Eg04Ivn1vERJck8zJthEvXCBEBpGR/33u/xLKWEQf95803oalHrVDptcAvFdQ==

is-arrayish@^0.3.1:
  version "0.3.2"
  resolved "https://registry.npmmirror.com/is-arrayish/-/is-arrayish-0.3.2.tgz#4574a2ae56f7ab206896fb431eaeed066fdf8f03"
  integrity sha512-eVRqCvVlZbuw3GrM63ovNSNAeA1K16kaR/LRY/92w0zxQ5/1YzwblUX652i4Xs9RwAGjW9d9y6X88t8OaAJfWQ==

is-builtin-module@^3.2.0:
  version "3.2.1"
  resolved "https://registry.npmmirror.com/is-builtin-module/-/is-builtin-module-3.2.1.tgz#f03271717d8654cfcaf07ab0463faa3571581169"
  integrity sha512-BSLE3HnV2syZ0FK0iMA/yUGplUeMmNz4AW5fnTunbCIqZi4vG3WjJT9FHMy5D69xmAYBHXQhJdALdpwVxV501A==
  dependencies:
    builtin-modules "^3.3.0"

is-core-module@^2.13.0:
  version "2.15.0"
  resolved "https://registry.npmmirror.com/is-core-module/-/is-core-module-2.15.0.tgz#71c72ec5442ace7e76b306e9d48db361f22699ea"
  integrity sha512-Dd+Lb2/zvk9SKy1TGCt1wFJFo/MWBPMX5x7KcvLajWTGuomczdQX61PvY5yK6SVACwpoexWo81IfFyoKY2QnTA==
  dependencies:
    hasown "^2.0.2"

is-module@^1.0.0:
  version "1.0.0"
  resolved "https://registry.npmmirror.com/is-module/-/is-module-1.0.0.tgz#3258fb69f78c14d5b815d664336b4cffb6441591"
  integrity sha512-51ypPSPCoTEIN9dy5Oy+h4pShgJmPCygKfyRCISBI+JoWT/2oJvK8QPxmwv7b/p239jXrm9M1mlQbyKJ5A152g==

jquery-mousewheel@^3.1.13:
  version "3.1.13"
  resolved "https://registry.npmmirror.com/jquery-mousewheel/-/jquery-mousewheel-3.1.13.tgz#06f0335f16e353a695e7206bf50503cb523a6ee5"
  integrity sha512-GXhSjfOPyDemM005YCEHvzrEALhKDIswtxSHSR2e4K/suHVJKJxxRCGz3skPjNxjJjQa9AVSGGlYjv1M3VLIPg==

jquery@^3.5.1:
  version "3.7.1"
  resolved "https://registry.npmmirror.com/jquery/-/jquery-3.7.1.tgz#083ef98927c9a6a74d05a6af02806566d16274de"
  integrity sha512-m4avr8yL8kmFN8psrbFFFmB/If14iN5o9nw/NgnnM+kybDJpRsAynV2BsfpTYrTRysYUdADVD7CkUUizgkpLfg==

lodash-es@^4.17.15:
  version "4.17.21"
  resolved "https://registry.npmmirror.com/lodash-es/-/lodash-es-4.17.21.tgz#43e626c46e6591b7750beb2b50117390c609e3ee"
  integrity sha512-mKnC+QJ9pWVzv+C4/U3rRsHapFfHvQFoFB92e52xeyGMcX6/OlIl78je1u8vePzYZSkkogMPJ2yjxxsb89cxyw==

lodash@^4.17.15:
  version "4.17.21"
  resolved "https://registry.npmmirror.com/lodash/-/lodash-4.17.21.tgz#679591c564c3bffaae8454cf0b3df370c3d6911c"
  integrity sha512-v2kDEe57lecTulaDIuNTPy3Ry4gLGJ6Z1O3vE1krgXZNrsQ+LFTGHVxVjcXPs17LhbZVGedAJv8XZ1tvj5FvSg==

ml-array-max@^1.2.4:
  version "1.2.4"
  resolved "https://registry.npmmirror.com/ml-array-max/-/ml-array-max-1.2.4.tgz#2373e2b7e51c8807e456cc0ef364c5863713623b"
  integrity sha512-BlEeg80jI0tW6WaPyGxf5Sa4sqvcyY6lbSn5Vcv44lp1I2GR6AWojfUvLnGTNsIXrZ8uqWmo8VcG1WpkI2ONMQ==
  dependencies:
    is-any-array "^2.0.0"

ml-array-min@^1.2.3:
  version "1.2.3"
  resolved "https://registry.npmmirror.com/ml-array-min/-/ml-array-min-1.2.3.tgz#662f027c400105816b849cc3cd786915d0801495"
  integrity sha512-VcZ5f3VZ1iihtrGvgfh/q0XlMobG6GQ8FsNyQXD3T+IlstDv85g8kfV0xUG1QPRO/t21aukaJowDzMTc7j5V6Q==
  dependencies:
    is-any-array "^2.0.0"

ml-array-rescale@^1.3.1, ml-array-rescale@^1.3.7:
  version "1.3.7"
  resolved "https://registry.npmmirror.com/ml-array-rescale/-/ml-array-rescale-1.3.7.tgz#c4d129320d113a732e62dd963dc1695bba9a5340"
  integrity sha512-48NGChTouvEo9KBctDfHC3udWnQKNKEWN0ziELvY3KG25GR5cA8K8wNVzracsqSW1QEkAXjTNx+ycgAv06/1mQ==
  dependencies:
    is-any-array "^2.0.0"
    ml-array-max "^1.2.4"
    ml-array-min "^1.2.3"

ml-matrix@6.5.0:
  version "6.5.0"
  resolved "https://registry.npmmirror.com/ml-matrix/-/ml-matrix-6.5.0.tgz#3f3bbc54a694a0acf67feb7a750a903ac268d72c"
  integrity sha512-sms732Dge+rs5dU4mnjE0oqLWm1WujvR2fr38LgUHRG2cjXjWlO3WJupLYaSz3++2iYr0UrGDK72OAivr3J8dg==
  dependencies:
    ml-array-rescale "^1.3.1"

ml-matrix@^6.5.0:
  version "6.11.1"
  resolved "https://registry.npmmirror.com/ml-matrix/-/ml-matrix-6.11.1.tgz#fff3e1e7c3ad93dc996fec5d53d9dbc8e0e43473"
  integrity sha512-Fvp1xF1O07tt6Ux9NcnEQTei5UlqbRpvvaFZGs7l3Ij+nOaEDcmbSVtxwNa8V4IfdyFI1NLNUteroMJ1S6vcEg==
  dependencies:
    is-any-array "^2.0.1"
    ml-array-rescale "^1.3.7"

mousetrap@^1.6.5:
  version "1.6.5"
  resolved "https://registry.npmmirror.com/mousetrap/-/mousetrap-1.6.5.tgz#8a766d8c272b08393d5f56074e0b5ec183485bf9"
  integrity sha512-QNo4kEepaIBwiT8CDhP98umTetp+JNfQYBWvC1pc6/OAibuXtRcxZ58Qz8skvEHYvURne/7R8T5VoOI7rDsEUA==

path-parse@^1.0.7:
  version "1.0.7"
  resolved "https://registry.npmmirror.com/path-parse/-/path-parse-1.0.7.tgz#fbc114b60ca42b30d9daf5858e4bd68bbedb6735"
  integrity sha512-LDJzPVEEEPR+y48z93A0Ed0yXb8pAByGWo/k5YYdYgpY2/2EsOsksJrq7lOHxryrVOn1ejG6oAp8ahvOIQD8sw==

picomatch@^2.3.1:
  version "2.3.1"
  resolved "https://registry.npmmirror.com/picomatch/-/picomatch-2.3.1.tgz#3ba3833733646d9d3e4995946c1365a67fb07a42"
  integrity sha512-JU3teHTNjmE2VCGFzuY8EXzCDVwEqB2a8fsIvwaStHhAWJEeVd1o1QD80CU6+ZdEXXSLbSsuLwJjkCBWqRQUVA==

probe.gl@^3.1.1:
  version "3.6.0"
  resolved "https://registry.npmmirror.com/probe.gl/-/probe.gl-3.6.0.tgz#e816234412b27a70b9be029cb82c8cf96cd72659"
  integrity sha512-19JydJWI7+DtR4feV+pu4Mn1I5TAc0xojuxVgZdXIyfmTLfUaFnk4OloWK1bKbPtkgGKLr2lnbnCXmpZEcEp9g==
  dependencies:
    "@babel/runtime" "^7.0.0"
    "@probe.gl/env" "3.6.0"
    "@probe.gl/log" "3.6.0"
    "@probe.gl/stats" "3.6.0"

regenerator-runtime@^0.14.0:
  version "0.14.1"
  resolved "https://registry.npmmirror.com/regenerator-runtime/-/regenerator-runtime-0.14.1.tgz#356ade10263f685dda125100cd862c1db895327f"
  integrity sha512-dYnhHh0nJoMfnkZs6GmmhFknAGRrLznOu5nc9ML+EJxGvrx6H7teuevqVqCuPcPK//3eDrrjQhehXVx9cnkGdw==

regl@^1.3.11:
  version "1.7.0"
  resolved "https://registry.npmmirror.com/regl/-/regl-1.7.0.tgz#0d185431044a356bf80e9b775b11b935ef2746d3"
  integrity sha512-bEAtp/qrtKucxXSJkD4ebopFZYP0q1+3Vb2WECWv/T8yQEgKxDxJ7ztO285tAMaYZVR6mM1GgI6CCn8FROtL1w==

resolve@^1.22.1:
  version "1.22.8"
  resolved "https://registry.npmmirror.com/resolve/-/resolve-1.22.8.tgz#b6c87a9f2aa06dfab52e3d70ac8cde321fa5a48d"
  integrity sha512-oKWePCxqpd6FlLvGV1VU0x7bkPmmCNolxzjMf4NczoDnQcIWrAF+cPtZn5i6n+RfD2d9i0tzpKnG6Yk168yIyw==
  dependencies:
    is-core-module "^2.13.0"
    path-parse "^1.0.7"
    supports-preserve-symlinks-flag "^1.0.0"

rollup@^2.56.0:
  version "2.79.1"
  resolved "https://registry.npmmirror.com/rollup/-/rollup-2.79.1.tgz#bedee8faef7c9f93a2647ac0108748f497f081c7"
  integrity sha512-uKxbd0IhMZOhjAiD5oAFp7BqvkA4Dv47qpOCtaNvng4HBwdbWtdOh8f5nZNuk2rp51PMGk3bzfWu5oayNEuYnw==
  optionalDependencies:
    fsevents "~2.3.2"

simple-swizzle@^0.2.2:
  version "0.2.2"
  resolved "https://registry.npmmirror.com/simple-swizzle/-/simple-swizzle-0.2.2.tgz#a4da6b635ffcccca33f70d17cb92592de95e557a"
  integrity sha512-JA//kQgZtbuY83m+xT+tXJkmJncGMTFT+C+g2h2R9uxkYIrE2yy9sgmcLhCnw57/WSD+Eh3J97FPEDFnbXnDUg==
  dependencies:
    is-arrayish "^0.3.1"

supports-preserve-symlinks-flag@^1.0.0:
  version "1.0.0"
  resolved "https://registry.npmmirror.com/supports-preserve-symlinks-flag/-/supports-preserve-symlinks-flag-1.0.0.tgz#6eda4bd344a3c94aea376d4cc31bc77311039e09"
  integrity sha512-ot0WnXS9fgdkgIcePe6RHNk1WA8+muPa6cSjeR3V8K27q9BB1rTE3R1p7Hv0z1ZyAc8s6Vvv8DIyWf681MAt0w==

tinycolor2@^1.4.1:
  version "1.6.0"
  resolved "https://registry.npmmirror.com/tinycolor2/-/tinycolor2-1.6.0.tgz#f98007460169b0263b97072c5ae92484ce02d09e"
  integrity sha512-XPaBkWQJdsf3pLKJV9p4qN/S+fm2Oj8AIPo1BTUhg5oxkvm9+SVEGFdhyOz7tTdUTfvxMiAs4sp6/eZO2Ew+pw==

tslib@2.3.0:
  version "2.3.0"
  resolved "https://registry.npmmirror.com/tslib/-/tslib-2.3.0.tgz#803b8cdab3e12ba581a4ca41c8839bbb0dacb09e"
  integrity sha512-N82ooyxVNm6h1riLCoyS9e3fuJ3AMG2zIZs2Gd1ATcSFjSA23Q0fzjjZeh0jbJvWVDZ0cJT8yaNNaaXHzueNjg==

tslib@^2.0.0, tslib@^2.0.3, tslib@^2.1.0, tslib@^2.3.1, tslib@^2.6.2:
  version "2.6.3"
  resolved "https://registry.npmmirror.com/tslib/-/tslib-2.6.3.tgz#0438f810ad7a9edcde7a241c3d80db693c8cbfe0"
  integrity sha512-xNvxJEOUiWPGhUuUdQgAJPKOOJfGnIyKySOc09XkKsgdUV/3E2zvwZYdejjmRgPCgcym1juLH3226yA7sEFJKQ==

utility-types@^3.10.0:
  version "3.11.0"
  resolved "https://registry.npmmirror.com/utility-types/-/utility-types-3.11.0.tgz#607c40edb4f258915e901ea7995607fdf319424c"
  integrity sha512-6Z7Ma2aVEWisaL6TvBCy7P8rm2LQoPv6dJ7ecIaIixHcwfbJ0x7mWdbcwlIM5IGQxPZSFYeqRCqlOOeKoJYMkw==

zrender@5.4.4:
  version "5.4.4"
  resolved "https://registry.npmmirror.com/zrender/-/zrender-5.4.4.tgz#8854f1d95ecc82cf8912f5a11f86657cb8c9e261"
  integrity sha512-0VxCNJ7AGOMCWeHVyTrGzUgrK4asT4ml9PEkeGirAkKNYXYzoPJCLvmyfdoOXcjTHPs10OZVMfD1Rwg16AZyYw==
  dependencies:
    tslib "2.3.0"
